{
    "_readme": [
        "This file locks the dependencies of your project to a known state",
        "Read more about it at https://getcomposer.org/doc/01-basic-usage.md#installing-dependencies",
        "This file is @generated automatically"
    ],
    "content-hash": "896c8c3c98f8b20a4e5959b2192264c2",
    "packages": [
        {
            "name": "alcohol/iso4217",
            "version": "3.1.5",
            "source": {
                "type": "git",
                "url": "https://github.com/alcohol/iso4217.git",
                "reference": "3a764b8d8f1d5ea7506620a21f42909a7d6a4832"
            },
            "dist": {
                "type": "zip",
                "url": "https://api.github.com/repos/alcohol/iso4217/zipball/3a764b8d8f1d5ea7506620a21f42909a7d6a4832",
                "reference": "3a764b8d8f1d5ea7506620a21f42909a7d6a4832",
                "shasum": ""
            },
            "require": {
                "php": "^5.4 || ^7.0"
            },
            "require-dev": {
                "phpunit/php-invoker": "@stable",
                "phpunit/phpunit": "^4.8.36 || ^5.7 || ^6.5"
            },
            "type": "library",
            "extra": {
                "branch-alias": {
                    "dev-master": "3.x-dev"
                }
            },
            "autoload": {
                "psr-4": {
                    "Alcohol\\": "."
                }
            },
            "notification-url": "https://packagist.org/downloads/",
            "license": [
                "MIT"
            ],
            "authors": [
                {
                    "name": "Rob Bast",
                    "email": "rob.bast@gmail.com"
                }
            ],
            "description": "ISO 4217 PHP Library",
            "homepage": "http://alcohol.github.io/iso4217/",
            "keywords": [
                "4217",
                "ISO 4217",
                "currencies",
                "iso",
                "library"
            ],
            "support": {
                "issues": "https://github.com/alcohol/iso4217/issues",
                "source": "https://github.com/alcohol/iso4217"
            },
            "time": "2019-10-30T10:03:42+00:00"
        },
        {
            "name": "onpayio/php-sdk",
            "version": "1.0.32",
            "source": {
                "type": "git",
                "url": "https://github.com/onpayio/php-sdk.git",
                "reference": "ee5c0a644d19ff1977e43e20c18d08409e563fa5"
            },
            "dist": {
                "type": "zip",
                "url": "https://api.github.com/repos/onpayio/php-sdk/zipball/ee5c0a644d19ff1977e43e20c18d08409e563fa5",
                "reference": "ee5c0a644d19ff1977e43e20c18d08409e563fa5",
                "shasum": ""
            },
            "require": {
                "ext-json": "*",
                "php": ">=5.6"
            },
            "require-dev": {
                "phpunit/phpunit": "^11.4"
            },
            "type": "library",
            "autoload": {
                "psr-4": {
                    "OnPay\\": "src/"
                }
            },
            "notification-url": "https://packagist.org/downloads/",
            "license": [
                "MIT"
            ],
            "description": "PHP SDK for OnPay.io API",
            "homepage": "https://github.com/onpayio/php-sdk",
            "support": {
                "issues": "https://github.com/onpayio/php-sdk/issues",
                "source": "https://github.com/onpayio/php-sdk/tree/1.0.32"
            },
            "time": "2025-01-15T09:26:24+00:00"
        }
    ],
    "packages-dev": [],
    "aliases": [],
    "minimum-stability": "stable",
    "stability-flags": {},
    "prefer-stable": false,
    "prefer-lowest": false,
    "platform": {},
    "platform-dev": {},
    "platform-overrides": {
        "php": "7.1"
    },
    "plugin-api-version": "2.6.0"
}
